
Microsoft Visual Studio Solution File, Format Version 10.00
# Visual C# Express 2008
Project("{FAE04EC0-301F-11D3-BF4B-00C04F79EFBC}") = "PuzzleViewer", "PuzzleViewer\PuzzleViewer.csproj", "{33705D0C-5D06-4B97-9CFE-FB20AFD24F58}"
EndProject
Global
	GlobalSection(SolutionConfigurationPlatforms) = preSolution
		Debug|Any CPU = Debug|Any CPU
		Release|Any CPU = Release|Any CPU
	EndGlobalSection
	GlobalSection(ProjectConfigurationPlatforms) = postSolution
		{33705D0C-5D06-4B97-9CFE-FB20AFD24F58}.Debug|Any CPU.ActiveCfg = Debug|Any CPU
		{33705D0C-5D06-4B97-9CFE-FB20AFD24F58}.Debug|Any CPU.Build.0 = Debug|Any CPU
		{33705D0C-5D06-4B97-9CFE-FB20AFD24F58}.Release|Any CPU.ActiveCfg = Release|Any CPU
		{33705D0C-5D06-4B97-9CFE-FB20AFD24F58}.Release|Any CPU.Build.0 = Release|Any CPU
	EndGlobalSection
	GlobalSection(SolutionProperties) = preSolution
		HideSolutionNode = FALSE
	EndGlobalSection
EndGlobal
